
Microsoft Visual Studio Solution File, Format Version 12.00
# Visual Studio Version 17
VisualStudioVersion = 17.10.34928.147
MinimumVisualStudioVersion = 10.0.40219.1
Project("{FAE04EC0-301F-11D3-BF4B-00C04F79EFBC}") = "MauiSingleProject", "MauiSingleProject.csproj", "{FFE1832A-CDBB-4113-9107-79123330F2B0}"
EndProject
Project("{FAE04EC0-301F-11D3-BF4B-00C04F79EFBC}") = "MauiBlazorApp", "..\MauiBlazorApp\MauiBlazorApp.csproj", "{8D3035BE-5ADE-4820-8402-FD22ED4EFF77}"
EndProject
Project("{FAE04EC0-301F-11D3-BF4B-00C04F79EFBC}") = "MauiMultiApp", "..\MauiMultiApp\MauiMultiApp\MauiMultiApp.csproj", "{0DFEE4E7-D0D9-406F-9227-F9A3059EC8C2}"
EndProject
Project("{FAE04EC0-301F-11D3-BF4B-00C04F79EFBC}") = "MauiMultiApp.Droid", "..\MauiMultiApp\MauiMultiApp.Droid\MauiMultiApp.Droid.csproj", "{8C831980-5471-436A-A45F-30F47876D248}"
EndProject
Project("{FAE04EC0-301F-11D3-BF4B-00C04F79EFBC}") = "MauiMultiApp.iOS", "..\MauiMultiApp\MauiMultiApp.iOS\MauiMultiApp.iOS.csproj", "{E327EDF2-BAB2-4770-9D97-55C6BF31644C}"
EndProject
Project("{FAE04EC0-301F-11D3-BF4B-00C04F79EFBC}") = "MauiMultiApp.Mac", "..\MauiMultiApp\MauiMultiApp.Mac\MauiMultiApp.Mac.csproj", "{E9060C28-5C55-4567-A3FE-EDACF079BBCB}"
EndProject
Project("{FAE04EC0-301F-11D3-BF4B-00C04F79EFBC}") = "MauiMultiApp.WinUI", "..\MauiMultiApp\MauiMultiApp.WinUI\MauiMultiApp.WinUI.csproj", "{73A69642-A730-4EA4-92E7-896889297134}"
EndProject
Global
	GlobalSection(SolutionConfigurationPlatforms) = preSolution
		Debug|Any CPU = Debug|Any CPU
		Debug|ARM64 = Debug|ARM64
		Debug|x64 = Debug|x64
		Debug|x86 = Debug|x86
		Release|Any CPU = Release|Any CPU
		Release|ARM64 = Release|ARM64
		Release|x64 = Release|x64
		Release|x86 = Release|x86
	EndGlobalSection
	GlobalSection(ProjectConfigurationPlatforms) = postSolution
		{FFE1832A-CDBB-4113-9107-79123330F2B0}.Debug|Any CPU.ActiveCfg = Debug|Any CPU
		{FFE1832A-CDBB-4113-9107-79123330F2B0}.Debug|Any CPU.Build.0 = Debug|Any CPU
		{FFE1832A-CDBB-4113-9107-79123330F2B0}.Debug|Any CPU.Deploy.0 = Debug|Any CPU
		{FFE1832A-CDBB-4113-9107-79123330F2B0}.Debug|ARM64.ActiveCfg = Debug|Any CPU
		{FFE1832A-CDBB-4113-9107-79123330F2B0}.Debug|ARM64.Build.0 = Debug|Any CPU
		{FFE1832A-CDBB-4113-9107-79123330F2B0}.Debug|ARM64.Deploy.0 = Debug|Any CPU
		{FFE1832A-CDBB-4113-9107-79123330F2B0}.Debug|x64.ActiveCfg = Debug|Any CPU
		{FFE1832A-CDBB-4113-9107-79123330F2B0}.Debug|x64.Build.0 = Debug|Any CPU
		{FFE1832A-CDBB-4113-9107-79123330F2B0}.Debug|x64.Deploy.0 = Debug|Any CPU
		{FFE1832A-CDBB-4113-9107-79123330F2B0}.Debug|x86.ActiveCfg = Debug|Any CPU
		{FFE1832A-CDBB-4113-9107-79123330F2B0}.Debug|x86.Build.0 = Debug|Any CPU
		{FFE1832A-CDBB-4113-9107-79123330F2B0}.Debug|x86.Deploy.0 = Debug|Any CPU
		{FFE1832A-CDBB-4113-9107-79123330F2B0}.Release|Any CPU.ActiveCfg = Release|Any CPU
		{FFE1832A-CDBB-4113-9107-79123330F2B0}.Release|Any CPU.Build.0 = Release|Any CPU
		{FFE1832A-CDBB-4113-9107-79123330F2B0}.Release|Any CPU.Deploy.0 = Release|Any CPU
		{FFE1832A-CDBB-4113-9107-79123330F2B0}.Release|ARM64.ActiveCfg = Release|Any CPU
		{FFE1832A-CDBB-4113-9107-79123330F2B0}.Release|ARM64.Build.0 = Release|Any CPU
		{FFE1832A-CDBB-4113-9107-79123330F2B0}.Release|ARM64.Deploy.0 = Release|Any CPU
		{FFE1832A-CDBB-4113-9107-79123330F2B0}.Release|x64.ActiveCfg = Release|Any CPU
		{FFE1832A-CDBB-4113-9107-79123330F2B0}.Release|x64.Build.0 = Release|Any CPU
		{FFE1832A-CDBB-4113-9107-79123330F2B0}.Release|x64.Deploy.0 = Release|Any CPU
		{FFE1832A-CDBB-4113-9107-79123330F2B0}.Release|x86.ActiveCfg = Release|Any CPU
		{FFE1832A-CDBB-4113-9107-79123330F2B0}.Release|x86.Build.0 = Release|Any CPU
		{FFE1832A-CDBB-4113-9107-79123330F2B0}.Release|x86.Deploy.0 = Release|Any CPU
		{8D3035BE-5ADE-4820-8402-FD22ED4EFF77}.Debug|Any CPU.ActiveCfg = Debug|Any CPU
		{8D3035BE-5ADE-4820-8402-FD22ED4EFF77}.Debug|Any CPU.Build.0 = Debug|Any CPU
		{8D3035BE-5ADE-4820-8402-FD22ED4EFF77}.Debug|Any CPU.Deploy.0 = Debug|Any CPU
		{8D3035BE-5ADE-4820-8402-FD22ED4EFF77}.Debug|ARM64.ActiveCfg = Debug|Any CPU
		{8D3035BE-5ADE-4820-8402-FD22ED4EFF77}.Debug|ARM64.Build.0 = Debug|Any CPU
		{8D3035BE-5ADE-4820-8402-FD22ED4EFF77}.Debug|ARM64.Deploy.0 = Debug|Any CPU
		{8D3035BE-5ADE-4820-8402-FD22ED4EFF77}.Debug|x64.ActiveCfg = Debug|Any CPU
		{8D3035BE-5ADE-4820-8402-FD22ED4EFF77}.Debug|x64.Build.0 = Debug|Any CPU
		{8D3035BE-5ADE-4820-8402-FD22ED4EFF77}.Debug|x64.Deploy.0 = Debug|Any CPU
		{8D3035BE-5ADE-4820-8402-FD22ED4EFF77}.Debug|x86.ActiveCfg = Debug|Any CPU
		{8D3035BE-5ADE-4820-8402-FD22ED4EFF77}.Debug|x86.Build.0 = Debug|Any CPU
		{8D3035BE-5ADE-4820-8402-FD22ED4EFF77}.Debug|x86.Deploy.0 = Debug|Any CPU
		{8D3035BE-5ADE-4820-8402-FD22ED4EFF77}.Release|Any CPU.ActiveCfg = Release|Any CPU
		{8D3035BE-5ADE-4820-8402-FD22ED4EFF77}.Release|Any CPU.Build.0 = Release|Any CPU
		{8D3035BE-5ADE-4820-8402-FD22ED4EFF77}.Release|Any CPU.Deploy.0 = Release|Any CPU
		{8D3035BE-5ADE-4820-8402-FD22ED4EFF77}.Release|ARM64.ActiveCfg = Release|Any CPU
		{8D3035BE-5ADE-4820-8402-FD22ED4EFF77}.Release|ARM64.Build.0 = Release|Any CPU
		{8D3035BE-5ADE-4820-8402-FD22ED4EFF77}.Release|ARM64.Deploy.0 = Release|Any CPU
		{8D3035BE-5ADE-4820-8402-FD22ED4EFF77}.Release|x64.ActiveCfg = Release|Any CPU
		{8D3035BE-5ADE-4820-8402-FD22ED4EFF77}.Release|x64.Build.0 = Release|Any CPU
		{8D3035BE-5ADE-4820-8402-FD22ED4EFF77}.Release|x64.Deploy.0 = Release|Any CPU
		{8D3035BE-5ADE-4820-8402-FD22ED4EFF77}.Release|x86.ActiveCfg = Release|Any CPU
		{8D3035BE-5ADE-4820-8402-FD22ED4EFF77}.Release|x86.Build.0 = Release|Any CPU
		{8D3035BE-5ADE-4820-8402-FD22ED4EFF77}.Release|x86.Deploy.0 = Release|Any CPU
		{0DFEE4E7-D0D9-406F-9227-F9A3059EC8C2}.Debug|Any CPU.ActiveCfg = Debug|Any CPU
		{0DFEE4E7-D0D9-406F-9227-F9A3059EC8C2}.Debug|Any CPU.Build.0 = Debug|Any CPU
		{0DFEE4E7-D0D9-406F-9227-F9A3059EC8C2}.Debug|ARM64.ActiveCfg = Debug|Any CPU
		{0DFEE4E7-D0D9-406F-9227-F9A3059EC8C2}.Debug|ARM64.Build.0 = Debug|Any CPU
		{0DFEE4E7-D0D9-406F-9227-F9A3059EC8C2}.Debug|x64.ActiveCfg = Debug|Any CPU
		{0DFEE4E7-D0D9-406F-9227-F9A3059EC8C2}.Debug|x64.Build.0 = Debug|Any CPU
		{0DFEE4E7-D0D9-406F-9227-F9A3059EC8C2}.Debug|x86.ActiveCfg = Debug|Any CPU
		{0DFEE4E7-D0D9-406F-9227-F9A3059EC8C2}.Debug|x86.Build.0 = Debug|Any CPU
		{0DFEE4E7-D0D9-406F-9227-F9A3059EC8C2}.Release|Any CPU.ActiveCfg = Release|Any CPU
		{0DFEE4E7-D0D9-406F-9227-F9A3059EC8C2}.Release|Any CPU.Build.0 = Release|Any CPU
		{0DFEE4E7-D0D9-406F-9227-F9A3059EC8C2}.Release|ARM64.ActiveCfg = Release|Any CPU
		{0DFEE4E7-D0D9-406F-9227-F9A3059EC8C2}.Release|ARM64.Build.0 = Release|Any CPU
		{0DFEE4E7-D0D9-406F-9227-F9A3059EC8C2}.Release|x64.ActiveCfg = Release|Any CPU
		{0DFEE4E7-D0D9-406F-9227-F9A3059EC8C2}.Release|x64.Build.0 = Release|Any CPU
		{0DFEE4E7-D0D9-406F-9227-F9A3059EC8C2}.Release|x86.ActiveCfg = Release|Any CPU
		{0DFEE4E7-D0D9-406F-9227-F9A3059EC8C2}.Release|x86.Build.0 = Release|Any CPU
		{8C831980-5471-436A-A45F-30F47876D248}.Debug|Any CPU.ActiveCfg = Debug|Any CPU
		{8C831980-5471-436A-A45F-30F47876D248}.Debug|Any CPU.Build.0 = Debug|Any CPU
		{8C831980-5471-436A-A45F-30F47876D248}.Debug|Any CPU.Deploy.0 = Debug|Any CPU
		{8C831980-5471-436A-A45F-30F47876D248}.Debug|ARM64.ActiveCfg = Debug|Any CPU
		{8C831980-5471-436A-A45F-30F47876D248}.Debug|ARM64.Build.0 = Debug|Any CPU
		{8C831980-5471-436A-A45F-30F47876D248}.Debug|ARM64.Deploy.0 = Debug|Any CPU
		{8C831980-5471-436A-A45F-30F47876D248}.Debug|x64.ActiveCfg = Debug|Any CPU
		{8C831980-5471-436A-A45F-30F47876D248}.Debug|x64.Build.0 = Debug|Any CPU
		{8C831980-5471-436A-A45F-30F47876D248}.Debug|x64.Deploy.0 = Debug|Any CPU
		{8C831980-5471-436A-A45F-30F47876D248}.Debug|x86.ActiveCfg = Debug|Any CPU
		{8C831980-5471-436A-A45F-30F47876D248}.Debug|x86.Build.0 = Debug|Any CPU
		{8C831980-5471-436A-A45F-30F47876D248}.Debug|x86.Deploy.0 = Debug|Any CPU
		{8C831980-5471-436A-A45F-30F47876D248}.Release|Any CPU.ActiveCfg = Release|Any CPU
		{8C831980-5471-436A-A45F-30F47876D248}.Release|Any CPU.Build.0 = Release|Any CPU
		{8C831980-5471-436A-A45F-30F47876D248}.Release|Any CPU.Deploy.0 = Release|Any CPU
		{8C831980-5471-436A-A45F-30F47876D248}.Release|ARM64.ActiveCfg = Release|Any CPU
		{8C831980-5471-436A-A45F-30F47876D248}.Release|ARM64.Build.0 = Release|Any CPU
		{8C831980-5471-436A-A45F-30F47876D248}.Release|ARM64.Deploy.0 = Release|Any CPU
		{8C831980-5471-436A-A45F-30F47876D248}.Release|x64.ActiveCfg = Release|Any CPU
		{8C831980-5471-436A-A45F-30F47876D248}.Release|x64.Build.0 = Release|Any CPU
		{8C831980-5471-436A-A45F-30F47876D248}.Release|x64.Deploy.0 = Release|Any CPU
		{8C831980-5471-436A-A45F-30F47876D248}.Release|x86.ActiveCfg = Release|Any CPU
		{8C831980-5471-436A-A45F-30F47876D248}.Release|x86.Build.0 = Release|Any CPU
		{8C831980-5471-436A-A45F-30F47876D248}.Release|x86.Deploy.0 = Release|Any CPU
		{E327EDF2-BAB2-4770-9D97-55C6BF31644C}.Debug|Any CPU.ActiveCfg = Debug|Any CPU
		{E327EDF2-BAB2-4770-9D97-55C6BF31644C}.Debug|Any CPU.Build.0 = Debug|Any CPU
		{E327EDF2-BAB2-4770-9D97-55C6BF31644C}.Debug|Any CPU.Deploy.0 = Debug|Any CPU
		{E327EDF2-BAB2-4770-9D97-55C6BF31644C}.Debug|ARM64.ActiveCfg = Debug|Any CPU
		{E327EDF2-BAB2-4770-9D97-55C6BF31644C}.Debug|ARM64.Build.0 = Debug|Any CPU
		{E327EDF2-BAB2-4770-9D97-55C6BF31644C}.Debug|ARM64.Deploy.0 = Debug|Any CPU
		{E327EDF2-BAB2-4770-9D97-55C6BF31644C}.Debug|x64.ActiveCfg = Debug|Any CPU
		{E327EDF2-BAB2-4770-9D97-55C6BF31644C}.Debug|x64.Build.0 = Debug|Any CPU
		{E327EDF2-BAB2-4770-9D97-55C6BF31644C}.Debug|x64.Deploy.0 = Debug|Any CPU
		{E327EDF2-BAB2-4770-9D97-55C6BF31644C}.Debug|x86.ActiveCfg = Debug|Any CPU
		{E327EDF2-BAB2-4770-9D97-55C6BF31644C}.Debug|x86.Build.0 = Debug|Any CPU
		{E327EDF2-BAB2-4770-9D97-55C6BF31644C}.Debug|x86.Deploy.0 = Debug|Any CPU
		{E327EDF2-BAB2-4770-9D97-55C6BF31644C}.Release|Any CPU.ActiveCfg = Release|Any CPU
		{E327EDF2-BAB2-4770-9D97-55C6BF31644C}.Release|Any CPU.Build.0 = Release|Any CPU
		{E327EDF2-BAB2-4770-9D97-55C6BF31644C}.Release|Any CPU.Deploy.0 = Release|Any CPU
		{E327EDF2-BAB2-4770-9D97-55C6BF31644C}.Release|ARM64.ActiveCfg = Release|Any CPU
		{E327EDF2-BAB2-4770-9D97-55C6BF31644C}.Release|ARM64.Build.0 = Release|Any CPU
		{E327EDF2-BAB2-4770-9D97-55C6BF31644C}.Release|ARM64.Deploy.0 = Release|Any CPU
		{E327EDF2-BAB2-4770-9D97-55C6BF31644C}.Release|x64.ActiveCfg = Release|Any CPU
		{E327EDF2-BAB2-4770-9D97-55C6BF31644C}.Release|x64.Build.0 = Release|Any CPU
		{E327EDF2-BAB2-4770-9D97-55C6BF31644C}.Release|x64.Deploy.0 = Release|Any CPU
		{E327EDF2-BAB2-4770-9D97-55C6BF31644C}.Release|x86.ActiveCfg = Release|Any CPU
		{E327EDF2-BAB2-4770-9D97-55C6BF31644C}.Release|x86.Build.0 = Release|Any CPU
		{E327EDF2-BAB2-4770-9D97-55C6BF31644C}.Release|x86.Deploy.0 = Release|Any CPU
		{E9060C28-5C55-4567-A3FE-EDACF079BBCB}.Debug|Any CPU.ActiveCfg = Debug|Any CPU
		{E9060C28-5C55-4567-A3FE-EDACF079BBCB}.Debug|Any CPU.Build.0 = Debug|Any CPU
		{E9060C28-5C55-4567-A3FE-EDACF079BBCB}.Debug|Any CPU.Deploy.0 = Debug|Any CPU
		{E9060C28-5C55-4567-A3FE-EDACF079BBCB}.Debug|ARM64.ActiveCfg = Debug|Any CPU
		{E9060C28-5C55-4567-A3FE-EDACF079BBCB}.Debug|ARM64.Build.0 = Debug|Any CPU
		{E9060C28-5C55-4567-A3FE-EDACF079BBCB}.Debug|ARM64.Deploy.0 = Debug|Any CPU
		{E9060C28-5C55-4567-A3FE-EDACF079BBCB}.Debug|x64.ActiveCfg = Debug|Any CPU
		{E9060C28-5C55-4567-A3FE-EDACF079BBCB}.Debug|x64.Build.0 = Debug|Any CPU
		{E9060C28-5C55-4567-A3FE-EDACF079BBCB}.Debug|x64.Deploy.0 = Debug|Any CPU
		{E9060C28-5C55-4567-A3FE-EDACF079BBCB}.Debug|x86.ActiveCfg = Debug|Any CPU
		{E9060C28-5C55-4567-A3FE-EDACF079BBCB}.Debug|x86.Build.0 = Debug|Any CPU
		{E9060C28-5C55-4567-A3FE-EDACF079BBCB}.Debug|x86.Deploy.0 = Debug|Any CPU
		{E9060C28-5C55-4567-A3FE-EDACF079BBCB}.Release|Any CPU.ActiveCfg = Release|Any CPU
		{E9060C28-5C55-4567-A3FE-EDACF079BBCB}.Release|Any CPU.Build.0 = Release|Any CPU
		{E9060C28-5C55-4567-A3FE-EDACF079BBCB}.Release|Any CPU.Deploy.0 = Release|Any CPU
		{E9060C28-5C55-4567-A3FE-EDACF079BBCB}.Release|ARM64.ActiveCfg = Release|Any CPU
		{E9060C28-5C55-4567-A3FE-EDACF079BBCB}.Release|ARM64.Build.0 = Release|Any CPU
		{E9060C28-5C55-4567-A3FE-EDACF079BBCB}.Release|ARM64.Deploy.0 = Release|Any CPU
		{E9060C28-5C55-4567-A3FE-EDACF079BBCB}.Release|x64.ActiveCfg = Release|Any CPU
		{E9060C28-5C55-4567-A3FE-EDACF079BBCB}.Release|x64.Build.0 = Release|Any CPU
		{E9060C28-5C55-4567-A3FE-EDACF079BBCB}.Release|x64.Deploy.0 = Release|Any CPU
		{E9060C28-5C55-4567-A3FE-EDACF079BBCB}.Release|x86.ActiveCfg = Release|Any CPU
		{E9060C28-5C55-4567-A3FE-EDACF079BBCB}.Release|x86.Build.0 = Release|Any CPU
		{E9060C28-5C55-4567-A3FE-EDACF079BBCB}.Release|x86.Deploy.0 = Release|Any CPU
		{73A69642-A730-4EA4-92E7-896889297134}.Debug|Any CPU.ActiveCfg = Debug|x64
		{73A69642-A730-4EA4-92E7-896889297134}.Debug|Any CPU.Build.0 = Debug|x64
		{73A69642-A730-4EA4-92E7-896889297134}.Debug|Any CPU.Deploy.0 = Debug|x64
		{73A69642-A730-4EA4-92E7-896889297134}.Debug|ARM64.ActiveCfg = Debug|ARM64
		{73A69642-A730-4EA4-92E7-896889297134}.Debug|ARM64.Build.0 = Debug|ARM64
		{73A69642-A730-4EA4-92E7-896889297134}.Debug|ARM64.Deploy.0 = Debug|ARM64
		{73A69642-A730-4EA4-92E7-896889297134}.Debug|x64.ActiveCfg = Debug|x64
		{73A69642-A730-4EA4-92E7-896889297134}.Debug|x64.Build.0 = Debug|x64
		{73A69642-A730-4EA4-92E7-896889297134}.Debug|x64.Deploy.0 = Debug|x64
		{73A69642-A730-4EA4-92E7-896889297134}.Debug|x86.ActiveCfg = Debug|x86
		{73A69642-A730-4EA4-92E7-896889297134}.Debug|x86.Build.0 = Debug|x86
		{73A69642-A730-4EA4-92E7-896889297134}.Debug|x86.Deploy.0 = Debug|x86
		{73A69642-A730-4EA4-92E7-896889297134}.Release|Any CPU.ActiveCfg = Release|x64
		{73A69642-A730-4EA4-92E7-896889297134}.Release|Any CPU.Build.0 = Release|x64
		{73A69642-A730-4EA4-92E7-896889297134}.Release|Any CPU.Deploy.0 = Release|x64
		{73A69642-A730-4EA4-92E7-896889297134}.Release|ARM64.ActiveCfg = Release|ARM64
		{73A69642-A730-4EA4-92E7-896889297134}.Release|ARM64.Build.0 = Release|ARM64
		{73A69642-A730-4EA4-92E7-896889297134}.Release|ARM64.Deploy.0 = Release|ARM64
		{73A69642-A730-4EA4-92E7-896889297134}.Release|x64.ActiveCfg = Release|x64
		{73A69642-A730-4EA4-92E7-896889297134}.Release|x64.Build.0 = Release|x64
		{73A69642-A730-4EA4-92E7-896889297134}.Release|x64.Deploy.0 = Release|x64
		{73A69642-A730-4EA4-92E7-896889297134}.Release|x86.ActiveCfg = Release|x86
		{73A69642-A730-4EA4-92E7-896889297134}.Release|x86.Build.0 = Release|x86
		{73A69642-A730-4EA4-92E7-896889297134}.Release|x86.Deploy.0 = Release|x86
	EndGlobalSection
	GlobalSection(SolutionProperties) = preSolution
		HideSolutionNode = FALSE
	EndGlobalSection
	GlobalSection(ExtensibilityGlobals) = postSolution
		SolutionGuid = {B4590550-EBE5-40BB-BC12-A56EEC4AC590}
	EndGlobalSection
EndGlobal
